// !$*UTF8*$!
{
	archiveVersion = 1;
	classes = {
	};
	objectVersion = 52;
	objects = {

/* Begin PBXBuildFile section */
		0527531226F6A6D3008E9B80 /* AppDelegate.swift in Sources */ = {isa = PBXBuildFile; fileRef = 0527531126F6A6D3008E9B80 /* AppDelegate.swift */; };
		0527531426F6A6D3008E9B80 /* SceneDelegate.swift in Sources */ = {isa = PBXBuildFile; fileRef = 0527531326F6A6D3008E9B80 /* SceneDelegate.swift */; };
		0527531926F6A6D3008E9B80 /* Main.storyboard in Resources */ = {isa = PBXBuildFile; fileRef = 0527531726F6A6D3008E9B80 /* Main.storyboard */; };
		0527531B26F6A6D4008E9B80 /* Assets.xcassets in Resources */ = {isa = PBXBuildFile; fileRef = 0527531A26F6A6D4008E9B80 /* Assets.xcassets */; };
		0527531E26F6A6D4008E9B80 /* LaunchScreen.storyboard in Resources */ = {isa = PBXBuildFile; fileRef = 0527531C26F6A6D4008E9B80 /* LaunchScreen.storyboard */; };
		0527532926F6A6D4008E9B80 /* Flix_v1Tests.swift in Sources */ = {isa = PBXBuildFile; fileRef = 0527532826F6A6D4008E9B80 /* Flix_v1Tests.swift */; };
		0527533426F6A6D4008E9B80 /* Flix_v1UITests.swift in Sources */ = {isa = PBXBuildFile; fileRef = 0527533326F6A6D4008E9B80 /* Flix_v1UITests.swift */; };
		0527534226F6A809008E9B80 /* MoviesViewController.swift in Sources */ = {isa = PBXBuildFile; fileRef = 0527534126F6A809008E9B80 /* MoviesViewController.swift */; };
		0527534426F6B21F008E9B80 /* MovieCell.swift in Sources */ = {isa = PBXBuildFile; fileRef = 0527534326F6B21F008E9B80 /* MovieCell.swift */; };
		0527534726F6B6F9008E9B80 /* AlamofireImage in Frameworks */ = {isa = PBXBuildFile; productRef = 0527534626F6B6F9008E9B80 /* AlamofireImage */; };
		1100C12C6C022A970781838A /* Pods_Flix_v1.framework in Frameworks */ = {isa = PBXBuildFile; fileRef = 3A31202129E15DC2BDFF9561 /* Pods_Flix_v1.framework */; };
		2CD04F0B7EEF94778A6E6D52 /* Pods_Flix_v1_Flix_v1UITests.framework in Frameworks */ = {isa = PBXBuildFile; fileRef = 480406D0ED8396E783DC8F2D /* Pods_Flix_v1_Flix_v1UITests.framework */; };
		98C489F76357B40C5ACF8855 /* Pods_Flix_v1Tests.framework in Frameworks */ = {isa = PBXBuildFile; fileRef = 5E306E0BECC3FEA97E978C8F /* Pods_Flix_v1Tests.framework */; };
/* End PBXBuildFile section */

/* Begin PBXContainerItemProxy section */
		0527532526F6A6D4008E9B80 /* PBXContainerItemProxy */ = {
			isa = PBXContainerItemProxy;
			containerPortal = 0527530626F6A6D3008E9B80 /* Project object */;
			proxyType = 1;
			remoteGlobalIDString = 0527530D26F6A6D3008E9B80;
			remoteInfo = "Flix v1";
		};
		0527533026F6A6D4008E9B80 /* PBXContainerItemProxy */ = {
			isa = PBXContainerItemProxy;
			containerPortal = 0527530626F6A6D3008E9B80 /* Project object */;
			proxyType = 1;
			remoteGlobalIDString = 0527530D26F6A6D3008E9B80;
			remoteInfo = "Flix v1";
		};
/* End PBXContainerItemProxy section */

/* Begin PBXFileReference section */
		0527530E26F6A6D3008E9B80 /* Flix v1.app */ = {isa = PBXFileReference; explicitFileType = wrapper.application; includeInIndex = 0; path = "Flix v1.app"; sourceTree = BUILT_PRODUCTS_DIR; };
		0527531126F6A6D3008E9B80 /* AppDelegate.swift */ = {isa = PBXFileReference; lastKnownFileType = sourcecode.swift; path = AppDelegate.swift; sourceTree = "<group>"; };
		0527531326F6A6D3008E9B80 /* SceneDelegate.swift */ = {isa = PBXFileReference; lastKnownFileType = sourcecode.swift; path = SceneDelegate.swift; sourceTree = "<group>"; };
		0527531826F6A6D3008E9B80 /* Base */ = {isa = PBXFileReference; lastKnownFileType = file.storyboard; name = Base; path = Base.lproj/Main.storyboard; sourceTree = "<group>"; };
		0527531A26F6A6D4008E9B80 /* Assets.xcassets */ = {isa = PBXFileReference; lastKnownFileType = folder.assetcatalog; path = Assets.xcassets; sourceTree = "<group>"; };
		0527531D26F6A6D4008E9B80 /* Base */ = {isa = PBXFileReference; lastKnownFileType = file.storyboard; name = Base; path = Base.lproj/LaunchScreen.storyboard; sourceTree = "<group>"; };
		0527531F26F6A6D4008E9B80 /* Info.plist */ = {isa = PBXFileReference; lastKnownFileType = text.plist.xml; path = Info.plist; sourceTree = "<group>"; };
		0527532426F6A6D4008E9B80 /* Flix v1Tests.xctest */ = {isa = PBXFileReference; explicitFileType = wrapper.cfbundle; includeInIndex = 0; path = "Flix v1Tests.xctest"; sourceTree = BUILT_PRODUCTS_DIR; };
		0527532826F6A6D4008E9B80 /* Flix_v1Tests.swift */ = {isa = PBXFileReference; lastKnownFileType = sourcecode.swift; path = Flix_v1Tests.swift; sourceTree = "<group>"; };
		0527532A26F6A6D4008E9B80 /* Info.plist */ = {isa = PBXFileReference; lastKnownFileType = text.plist.xml; path = Info.plist; sourceTree = "<group>"; };
		0527532F26F6A6D4008E9B80 /* Flix v1UITests.xctest */ = {isa = PBXFileReference; explicitFileType = wrapper.cfbundle; includeInIndex = 0; path = "Flix v1UITests.xctest"; sourceTree = BUILT_PRODUCTS_DIR; };
		0527533326F6A6D4008E9B80 /* Flix_v1UITests.swift */ = {isa = PBXFileReference; lastKnownFileType = sourcecode.swift; path = Flix_v1UITests.swift; sourceTree = "<group>"; };
		0527533526F6A6D4008E9B80 /* Info.plist */ = {isa = PBXFileReference; lastKnownFileType = text.plist.xml; path = Info.plist; sourceTree = "<group>"; };
		0527534126F6A809008E9B80 /* MoviesViewController.swift */ = {isa = PBXFileReference; lastKnownFileType = sourcecode.swift; path = MoviesViewController.swift; sourceTree = "<group>"; };
		0527534326F6B21F008E9B80 /* MovieCell.swift */ = {isa = PBXFileReference; lastKnownFileType = sourcecode.swift; path = MovieCell.swift; sourceTree = "<group>"; };
		0F22583B0CF255AE92EF125B /* Pods-Flix v1-Flix v1UITests.debug.xcconfig */ = {isa = PBXFileReference; includeInIndex = 1; lastKnownFileType = text.xcconfig; name = "Pods-Flix v1-Flix v1UITests.debug.xcconfig"; path = "Target Support Files/Pods-Flix v1-Flix v1UITests/Pods-Flix v1-Flix v1UITests.debug.xcconfig"; sourceTree = "<group>"; };
		309FE3AE72EDC7639B118DEA /* Pods-Flix v1-Flix v1UITests.release.xcconfig */ = {isa = PBXFileReference; includeInIndex = 1; lastKnownFileType = text.xcconfig; name = "Pods-Flix v1-Flix v1UITests.release.xcconfig"; path = "Target Support Files/Pods-Flix v1-Flix v1UITests/Pods-Flix v1-Flix v1UITests.release.xcconfig"; sourceTree = "<group>"; };
		3A31202129E15DC2BDFF9561 /* Pods_Flix_v1.framework */ = {isa = PBXFileReference; explicitFileType = wrapper.framework; includeInIndex = 0; path = Pods_Flix_v1.framework; sourceTree = BUILT_PRODUCTS_DIR; };
		480406D0ED8396E783DC8F2D /* Pods_Flix_v1_Flix_v1UITests.framework */ = {isa = PBXFileReference; explicitFileType = wrapper.framework; includeInIndex = 0; path = Pods_Flix_v1_Flix_v1UITests.framework; sourceTree = BUILT_PRODUCTS_DIR; };
		4B8C85388342604CD25D2D1D /* Pods-Flix v1.debug.xcconfig */ = {isa = PBXFileReference; includeInIndex = 1; lastKnownFileType = text.xcconfig; name = "Pods-Flix v1.debug.xcconfig"; path = "Target Support Files/Pods-Flix v1/Pods-Flix v1.debug.xcconfig"; sourceTree = "<group>"; };
		52DFC62EF1E328123B45A7E0 /* Pods-Flix v1Tests.release.xcconfig */ = {isa = PBXFileReference; includeInIndex = 1; lastKnownFileType = text.xcconfig; name = "Pods-Flix v1Tests.release.xcconfig"; path = "Target Support Files/Pods-Flix v1Tests/Pods-Flix v1Tests.release.xcconfig"; sourceTree = "<group>"; };
		5E306E0BECC3FEA97E978C8F /* Pods_Flix_v1Tests.framework */ = {isa = PBXFileReference; explicitFileType = wrapper.framework; includeInIndex = 0; path = Pods_Flix_v1Tests.framework; sourceTree = BUILT_PRODUCTS_DIR; };
		7BAF611C6C950156B8A162CF /* Pods-Flix v1Tests.debug.xcconfig */ = {isa = PBXFileReference; includeInIndex = 1; lastKnownFileType = text.xcconfig; name = "Pods-Flix v1Tests.debug.xcconfig"; path = "Target Support Files/Pods-Flix v1Tests/Pods-Flix v1Tests.debug.xcconfig"; sourceTree = "<group>"; };
		BCA8BC5ECABA516DEDB4B2DA /* Pods-Flix v1.release.xcconfig */ = {isa = PBXFileReference; includeInIndex = 1; lastKnownFileType = text.xcconfig; name = "Pods-Flix v1.release.xcconfig"; path = "Target Support Files/Pods-Flix v1/Pods-Flix v1.release.xcconfig"; sourceTree = "<group>"; };
/* End PBXFileReference section */

/* Begin PBXFrameworksBuildPhase section */
		0527530B26F6A6D3008E9B80 /* Frameworks */ = {
			isa = PBXFrameworksBuildPhase;
			buildActionMask = 2147483647;
			files = (
				0527534726F6B6F9008E9B80 /* AlamofireImage in Frameworks */,
				1100C12C6C022A970781838A /* Pods_Flix_v1.framework in Frameworks */,
			);
			runOnlyForDeploymentPostprocessing = 0;
		};
		0527532126F6A6D4008E9B80 /* Frameworks */ = {
			isa = PBXFrameworksBuildPhase;
			buildActionMask = 2147483647;
			files = (
				98C489F76357B40C5ACF8855 /* Pods_Flix_v1Tests.framework in Frameworks */,
			);
			runOnlyForDeploymentPostprocessing = 0;
		};
		0527532C26F6A6D4008E9B80 /* Frameworks */ = {
			isa = PBXFrameworksBuildPhase;
			buildActionMask = 2147483647;
			files = (
				2CD04F0B7EEF94778A6E6D52 /* Pods_Flix_v1_Flix_v1UITests.framework in Frameworks */,
			);
			runOnlyForDeploymentPostprocessing = 0;
		};
/* End PBXFrameworksBuildPhase section */

/* Begin PBXGroup section */
		0527530526F6A6D3008E9B80 = {
			isa = PBXGroup;
			children = (
				0527531026F6A6D3008E9B80 /* Flix v1 */,
				0527532726F6A6D4008E9B80 /* Flix v1Tests */,
				0527533226F6A6D4008E9B80 /* Flix v1UITests */,
				0527530F26F6A6D3008E9B80 /* Products */,
				B9D06F9147CAA2E5E572B072 /* Pods */,
				30AC0B0E1533AA50114C7C39 /* Frameworks */,
			);
			sourceTree = "<group>";
		};
		0527530F26F6A6D3008E9B80 /* Products */ = {
			isa = PBXGroup;
			children = (
				0527530E26F6A6D3008E9B80 /* Flix v1.app */,
				0527532426F6A6D4008E9B80 /* Flix v1Tests.xctest */,
				0527532F26F6A6D4008E9B80 /* Flix v1UITests.xctest */,
			);
			name = Products;
			sourceTree = "<group>";
		};
		0527531026F6A6D3008E9B80 /* Flix v1 */ = {
			isa = PBXGroup;
			children = (
				0527531126F6A6D3008E9B80 /* AppDelegate.swift */,
				0527531326F6A6D3008E9B80 /* SceneDelegate.swift */,
				0527531726F6A6D3008E9B80 /* Main.storyboard */,
				0527534326F6B21F008E9B80 /* MovieCell.swift */,
				0527531A26F6A6D4008E9B80 /* Assets.xcassets */,
				0527531C26F6A6D4008E9B80 /* LaunchScreen.storyboard */,
				0527531F26F6A6D4008E9B80 /* Info.plist */,
				0527534126F6A809008E9B80 /* MoviesViewController.swift */,
			);
			path = "Flix v1";
			sourceTree = "<group>";
		};
		0527532726F6A6D4008E9B80 /* Flix v1Tests */ = {
			isa = PBXGroup;
			children = (
				0527532826F6A6D4008E9B80 /* Flix_v1Tests.swift */,
				0527532A26F6A6D4008E9B80 /* Info.plist */,
			);
			path = "Flix v1Tests";
			sourceTree = "<group>";
		};
		0527533226F6A6D4008E9B80 /* Flix v1UITests */ = {
			isa = PBXGroup;
			children = (
				0527533326F6A6D4008E9B80 /* Flix_v1UITests.swift */,
				0527533526F6A6D4008E9B80 /* Info.plist */,
			);
			path = "Flix v1UITests";
			sourceTree = "<group>";
		};
		30AC0B0E1533AA50114C7C39 /* Frameworks */ = {
			isa = PBXGroup;
			children = (
				3A31202129E15DC2BDFF9561 /* Pods_Flix_v1.framework */,
				480406D0ED8396E783DC8F2D /* Pods_Flix_v1_Flix_v1UITests.framework */,
				5E306E0BECC3FEA97E978C8F /* Pods_Flix_v1Tests.framework */,
			);
			name = Frameworks;
			sourceTree = "<group>";
		};
		B9D06F9147CAA2E5E572B072 /* Pods */ = {
			isa = PBXGroup;
			children = (
				4B8C85388342604CD25D2D1D /* Pods-Flix v1.debug.xcconfig */,
				BCA8BC5ECABA516DEDB4B2DA /* Pods-Flix v1.release.xcconfig */,
				0F22583B0CF255AE92EF125B /* Pods-Flix v1-Flix v1UITests.debug.xcconfig */,
				309FE3AE72EDC7639B118DEA /* Pods-Flix v1-Flix v1UITests.release.xcconfig */,
				7BAF611C6C950156B8A162CF /* Pods-Flix v1Tests.debug.xcconfig */,
				52DFC62EF1E328123B45A7E0 /* Pods-Flix v1Tests.release.xcconfig */,
			);
			name = Pods;
			path = Pods;
			sourceTree = "<group>";
		};
/* End PBXGroup section */

/* Begin PBXNativeTarget section */
		0527530D26F6A6D3008E9B80 /* Flix v1 */ = {
			isa = PBXNativeTarget;
			buildConfigurationList = 0527533826F6A6D4008E9B80 /* Build configuration list for PBXNativeTarget "Flix v1" */;
			buildPhases = (
				5A04F6679CA602AFC162139D /* [CP] Check Pods Manifest.lock */,
				0527530A26F6A6D3008E9B80 /* Sources */,
				0527530B26F6A6D3008E9B80 /* Frameworks */,
				0527530C26F6A6D3008E9B80 /* Resources */,
				6BD66AB859614D665580D140 /* [CP] Embed Pods Frameworks */,
			);
			buildRules = (
			);
			dependencies = (
			);
			name = "Flix v1";
			packageProductDependencies = (
				0527534626F6B6F9008E9B80 /* AlamofireImage */,
			);
			productName = "Flix v1";
			productReference = 0527530E26F6A6D3008E9B80 /* Flix v1.app */;
			productType = "com.apple.product-type.application";
		};
		0527532326F6A6D4008E9B80 /* Flix v1Tests */ = {
			isa = PBXNativeTarget;
			buildConfigurationList = 0527533B26F6A6D4008E9B80 /* Build configuration list for PBXNativeTarget "Flix v1Tests" */;
			buildPhases = (
				BEC30C8A5E01AC1B5F9A6B87 /* [CP] Check Pods Manifest.lock */,
				0527532026F6A6D4008E9B80 /* Sources */,
				0527532126F6A6D4008E9B80 /* Frameworks */,
				0527532226F6A6D4008E9B80 /* Resources */,
			);
			buildRules = (
			);
			dependencies = (
				0527532626F6A6D4008E9B80 /* PBXTargetDependency */,
			);
			name = "Flix v1Tests";
			productName = "Flix v1Tests";
			productReference = 0527532426F6A6D4008E9B80 /* Flix v1Tests.xctest */;
			productType = "com.apple.product-type.bundle.unit-test";
		};
		0527532E26F6A6D4008E9B80 /* Flix v1UITests */ = {
			isa = PBXNativeTarget;
			buildConfigurationList = 0527533E26F6A6D4008E9B80 /* Build configuration list for PBXNativeTarget "Flix v1UITests" */;
			buildPhases = (
				B5D49E3AAA0CF4FEAD57A650 /* [CP] Check Pods Manifest.lock */,
				0527532B26F6A6D4008E9B80 /* Sources */,
				0527532C26F6A6D4008E9B80 /* Frameworks */,
				0527532D26F6A6D4008E9B80 /* Resources */,
				58068B7CF458336DFC671A30 /* [CP] Embed Pods Frameworks */,
			);
			buildRules = (
			);
			dependencies = (
				0527533126F6A6D4008E9B80 /* PBXTargetDependency */,
			);
			name = "Flix v1UITests";
			productName = "Flix v1UITests";
			productReference = 0527532F26F6A6D4008E9B80 /* Flix v1UITests.xctest */;
			productType = "com.apple.product-type.bundle.ui-testing";
		};
/* End PBXNativeTarget section */

/* Begin PBXProject section */
		0527530626F6A6D3008E9B80 /* Project object */ = {
			isa = PBXProject;
			attributes = {
				LastSwiftUpdateCheck = 1130;
				LastUpgradeCheck = 1130;
				ORGANIZATIONNAME = "Ka Kit Leng";
				TargetAttributes = {
					0527530D26F6A6D3008E9B80 = {
						CreatedOnToolsVersion = 11.3.1;
					};
					0527532326F6A6D4008E9B80 = {
						CreatedOnToolsVersion = 11.3.1;
						TestTargetID = 0527530D26F6A6D3008E9B80;
					};
					0527532E26F6A6D4008E9B80 = {
						CreatedOnToolsVersion = 11.3.1;
						TestTargetID = 0527530D26F6A6D3008E9B80;
					};
				};
			};
			buildConfigurationList = 0527530926F6A6D3008E9B80 /* Build configuration list for PBXProject "Flix v1" */;
			compatibilityVersion = "Xcode 9.3";
			developmentRegion = en;
			hasScannedForEncodings = 0;
			knownRegions = (
				en,
				Base,
			);
			mainGroup = 0527530526F6A6D3008E9B80;
			packageReferences = (
				0527534526F6B6F9008E9B80 /* XCRemoteSwiftPackageReference "AlamofireImage" */,
			);
			productRefGroup = 0527530F26F6A6D3008E9B80 /* Products */;
			projectDirPath = "";
			projectRoot = "";
			targets = (
				0527530D26F6A6D3008E9B80 /* Flix v1 */,
				0527532326F6A6D4008E9B80 /* Flix v1Tests */,
				0527532E26F6A6D4008E9B80 /* Flix v1UITests */,
			);
		};
/* End PBXProject section */

/* Begin PBXResourcesBuildPhase section */
		0527530C26F6A6D3008E9B80 /* Resources */ = {
			isa = PBXResourcesBuildPhase;
			buildActionMask = 2147483647;
			files = (
				0527531E26F6A6D4008E9B80 /* LaunchScreen.storyboard in Resources */,
				0527531B26F6A6D4008E9B80 /* Assets.xcassets in Resources */,
				0527531926F6A6D3008E9B80 /* Main.storyboard in Resources */,
			);
			runOnlyForDeploymentPostprocessing = 0;
		};
		0527532226F6A6D4008E9B80 /* Resources */ = {
			isa = PBXResourcesBuildPhase;
			buildActionMask = 2147483647;
			files = (
			);
			runOnlyForDeploymentPostprocessing = 0;
		};
		0527532D26F6A6D4008E9B80 /* Resources */ = {
			isa = PBXResourcesBuildPhase;
			buildActionMask = 2147483647;
			files = (
			);
			runOnlyForDeploymentPostprocessing = 0;
		};
/* End PBXResourcesBuildPhase section */

/* Begin PBXShellScriptBuildPhase section */
		58068B7CF458336DFC671A30 /* [CP] Embed Pods Frameworks */ = {
			isa = PBXShellScriptBuildPhase;
			buildActionMask = 2147483647;
			files = (
			);
			inputFileListPaths = (
				"${PODS_ROOT}/Target Support Files/Pods-Flix v1-Flix v1UITests/Pods-Flix v1-Flix v1UITests-frameworks-${CONFIGURATION}-input-files.xcfilelist",
			);
			name = "[CP] Embed Pods Frameworks";
			outputFileListPaths = (
				"${PODS_ROOT}/Target Support Files/Pods-Flix v1-Flix v1UITests/Pods-Flix v1-Flix v1UITests-frameworks-${CONFIGURATION}-output-files.xcfilelist",
			);
			runOnlyForDeploymentPostprocessing = 0;
			shellPath = /bin/sh;
			shellScript = "\"${PODS_ROOT}/Target Support Files/Pods-Flix v1-Flix v1UITests/Pods-Flix v1-Flix v1UITests-frameworks.sh\"\n";
			showEnvVarsInLog = 0;
		};
		5A04F6679CA602AFC162139D /* [CP] Check Pods Manifest.lock */ = {
			isa = PBXShellScriptBuildPhase;
			buildActionMask = 2147483647;
			files = (
			);
			inputFileListPaths = (
			);
			inputPaths = (
				"${PODS_PODFILE_DIR_PATH}/Podfile.lock",
				"${PODS_ROOT}/Manifest.lock",
			);
			name = "[CP] Check Pods Manifest.lock";
			outputFileListPaths = (
			);
			outputPaths = (
				"$(DERIVED_FILE_DIR)/Pods-Flix v1-checkManifestLockResult.txt",
			);
			runOnlyForDeploymentPostprocessing = 0;
			shellPath = /bin/sh;
			shellScript = "diff \"${PODS_PODFILE_DIR_PATH}/Podfile.lock\" \"${PODS_ROOT}/Manifest.lock\" > /dev/null\nif [ $? != 0 ] ; then\n    # print error to STDERR\n    echo \"error: The sandbox is not in sync with the Podfile.lock. Run 'pod install' or update your CocoaPods installation.\" >&2\n    exit 1\nfi\n# This output is used by Xcode 'outputs' to avoid re-running this script phase.\necho \"SUCCESS\" > \"${SCRIPT_OUTPUT_FILE_0}\"\n";
			showEnvVarsInLog = 0;
		};
		6BD66AB859614D665580D140 /* [CP] Embed Pods Frameworks */ = {
			isa = PBXShellScriptBuildPhase;
			buildActionMask = 2147483647;
			files = (
			);
			inputFileListPaths = (
				"${PODS_ROOT}/Target Support Files/Pods-Flix v1/Pods-Flix v1-frameworks-${CONFIGURATION}-input-files.xcfilelist",
			);
			name = "[CP] Embed Pods Frameworks";
			outputFileListPaths = (
				"${PODS_ROOT}/Target Support Files/Pods-Flix v1/Pods-Flix v1-frameworks-${CONFIGURATION}-output-files.xcfilelist",
			);
			runOnlyForDeploymentPostprocessing = 0;
			shellPath = /bin/sh;
			shellScript = "\"${PODS_ROOT}/Target Support Files/Pods-Flix v1/Pods-Flix v1-frameworks.sh\"\n";
			showEnvVarsInLog = 0;
		};
		B5D49E3AAA0CF4FEAD57A650 /* [CP] Check Pods Manifest.lock */ = {
			isa = PBXShellScriptBuildPhase;
			buildActionMask = 2147483647;
			files = (
			);
			inputFileListPaths = (
			);
			inputPaths = (
				"${PODS_PODFILE_DIR_PATH}/Podfile.lock",
				"${PODS_ROOT}/Manifest.lock",
			);
			name = "[CP] Check Pods Manifest.lock";
			outputFileListPaths = (
			);
			outputPaths = (
				"$(DERIVED_FILE_DIR)/Pods-Flix v1-Flix v1UITests-checkManifestLockResult.txt",
			);
			runOnlyForDeploymentPostprocessing = 0;
			shellPath = /bin/sh;
			shellScript = "diff \"${PODS_PODFILE_DIR_PATH}/Podfile.lock\" \"${PODS_ROOT}/Manifest.lock\" > /dev/null\nif [ $? != 0 ] ; then\n    # print error to STDERR\n    echo \"error: The sandbox is not in sync with the Podfile.lock. Run 'pod install' or update your CocoaPods installation.\" >&2\n    exit 1\nfi\n# This output is used by Xcode 'outputs' to avoid re-running this script phase.\necho \"SUCCESS\" > \"${SCRIPT_OUTPUT_FILE_0}\"\n";
			showEnvVarsInLog = 0;
		};
		BEC30C8A5E01AC1B5F9A6B87 /* [CP] Check Pods Manifest.lock */ = {
			isa = PBXShellScriptBuildPhase;
			buildActionMask = 2147483647;
			files = (
			);
			inputFileListPaths = (
			);
			inputPaths = (
				"${PODS_PODFILE_DIR_PATH}/Podfile.lock",
				"${PODS_ROOT}/Manifest.lock",
			);
			name = "[CP] Check Pods Manifest.lock";
			outputFileListPaths = (
			);
			outputPaths = (
				"$(DERIVED_FILE_DIR)/Pods-Flix v1Tests-checkManifestLockResult.txt",
			);
			runOnlyForDeploymentPostprocessing = 0;
			shellPath = /bin/sh;
			shellScript = "diff \"${PODS_PODFILE_DIR_PATH}/Podfile.lock\" \"${PODS_ROOT}/Manifest.lock\" > /dev/null\nif [ $? != 0 ] ; then\n    # print error to STDERR\n    echo \"error: The sandbox is not in sync with the Podfile.lock. Run 'pod install' or update your CocoaPods installation.\" >&2\n    exit 1\nfi\n# This output is used by Xcode 'outputs' to avoid re-running this script phase.\necho \"SUCCESS\" > \"${SCRIPT_OUTPUT_FILE_0}\"\n";
			showEnvVarsInLog = 0;
		};
/* End PBXShellScriptBuildPhase section */

/* Begin PBXSourcesBuildPhase section */
		0527530A26F6A6D3008E9B80 /* Sources */ = {
			isa = PBXSourcesBuildPhase;
			buildActionMask = 2147483647;
			files = (
				0527531226F6A6D3008E9B80 /* AppDelegate.swift in Sources */,
				0527531426F6A6D3008E9B80 /* SceneDelegate.swift in Sources */,
				0527534426F6B21F008E9B80 /* MovieCell.swift in Sources */,
				0527534226F6A809008E9B80 /* MoviesViewController.swift in Sources */,
			);
			runOnlyForDeploymentPostprocessing = 0;
		};
		0527532026F6A6D4008E9B80 /* Sources */ = {
			isa = PBXSourcesBuildPhase;
			buildActionMask = 2147483647;
			files = (
				0527532926F6A6D4008E9B80 /* Flix_v1Tests.swift in Sources */,
			);
			runOnlyForDeploymentPostprocessing = 0;
		};
		0527532B26F6A6D4008E9B80 /* Sources */ = {
			isa = PBXSourcesBuildPhase;
			buildActionMask = 2147483647;
			files = (
				0527533426F6A6D4008E9B80 /* Flix_v1UITests.swift in Sources */,
			);
			runOnlyForDeploymentPostprocessing = 0;
		};
/* End PBXSourcesBuildPhase section */

/* Begin PBXTargetDependency section */
		0527532626F6A6D4008E9B80 /* PBXTargetDependency */ = {
			isa = PBXTargetDependency;
			target = 0527530D26F6A6D3008E9B80 /* Flix v1 */;
			targetProxy = 0527532526F6A6D4008E9B80 /* PBXContainerItemProxy */;
		};
		0527533126F6A6D4008E9B80 /* PBXTargetDependency */ = {
			isa = PBXTargetDependency;
			target = 0527530D26F6A6D3008E9B80 /* Flix v1 */;
			targetProxy = 0527533026F6A6D4008E9B80 /* PBXContainerItemProxy */;
		};
/* End PBXTargetDependency section */

/* Begin PBXVariantGroup section */
		0527531726F6A6D3008E9B80 /* Main.storyboard */ = {
			isa = PBXVariantGroup;
			children = (
				0527531826F6A6D3008E9B80 /* Base */,
			);
			name = Main.storyboard;
			sourceTree = "<group>";
		};
		0527531C26F6A6D4008E9B80 /* LaunchScreen.storyboard */ = {
			isa = PBXVariantGroup;
			children = (
				0527531D26F6A6D4008E9B80 /* Base */,
			);
			name = LaunchScreen.storyboard;
			sourceTree = "<group>";
		};
/* End PBXVariantGroup section */

/* Begin XCBuildConfiguration section */
		0527533626F6A6D4008E9B80 /* Debug */ = {
			isa = XCBuildConfiguration;
			buildSettings = {
				ALWAYS_SEARCH_USER_PATHS = NO;
				CLANG_ANALYZER_NONNULL = YES;
				CLANG_ANALYZER_NUMBER_OBJECT_CONVERSION = YES_AGGRESSIVE;
				CLANG_CXX_LANGUAGE_STANDARD = "gnu++14";
				CLANG_CXX_LIBRARY = "libc++";
				CLANG_ENABLE_MODULES = YES;
				CLANG_ENABLE_OBJC_ARC = YES;
				CLANG_ENABLE_OBJC_WEAK = YES;
				CLANG_WARN_BLOCK_CAPTURE_AUTORELEASING = YES;
				CLANG_WARN_BOOL_CONVERSION = YES;
				CLANG_WARN_COMMA = YES;
				CLANG_WARN_CONSTANT_CONVERSION = YES;
				CLANG_WARN_DEPRECATED_OBJC_IMPLEMENTATIONS = YES;
				CLANG_WARN_DIRECT_OBJC_ISA_USAGE = YES_ERROR;
				CLANG_WARN_DOCUMENTATION_COMMENTS = YES;
				CLANG_WARN_EMPTY_BODY = YES;
				CLANG_WARN_ENUM_CONVERSION = YES;
				CLANG_WARN_INFINITE_RECURSION = YES;
				CLANG_WARN_INT_CONVERSION = YES;
				CLANG_WARN_NON_LITERAL_NULL_CONVERSION = YES;
				CLANG_WARN_OBJC_IMPLICIT_RETAIN_SELF = YES;
				CLANG_WARN_OBJC_LITERAL_CONVERSION = YES;
				CLANG_WARN_OBJC_ROOT_CLASS = YES_ERROR;
				CLANG_WARN_RANGE_LOOP_ANALYSIS = YES;
				CLANG_WARN_STRICT_PROTOTYPES = YES;
				CLANG_WARN_SUSPICIOUS_MOVE = YES;
				CLANG_WARN_UNGUARDED_AVAILABILITY = YES_AGGRESSIVE;
				CLANG_WARN_UNREACHABLE_CODE = YES;
				CLANG_WARN__DUPLICATE_METHOD_MATCH = YES;
				COPY_PHASE_STRIP = NO;
				DEBUG_INFORMATION_FORMAT = dwarf;
				ENABLE_STRICT_OBJC_MSGSEND = YES;
				ENABLE_TESTABILITY = YES;
				GCC_C_LANGUAGE_STANDARD = gnu11;
				GCC_DYNAMIC_NO_PIC = NO;
				GCC_NO_COMMON_BLOCKS = YES;
				GCC_OPTIMIZATION_LEVEL = 0;
				GCC_PREPROCESSOR_DEFINITIONS = (
					"DEBUG=1",
					"$(inherited)",
				);
				GCC_WARN_64_TO_32_BIT_CONVERSION = YES;
				GCC_WARN_ABOUT_RETURN_TYPE = YES_ERROR;
				GCC_WARN_UNDECLARED_SELECTOR = YES;
				GCC_WARN_UNINITIALIZED_AUTOS = YES_AGGRESSIVE;
				GCC_WARN_UNUSED_FUNCTION = YES;
				GCC_WARN_UNUSED_VARIABLE = YES;
				IPHONEOS_DEPLOYMENT_TARGET = 13.2;
				MTL_ENABLE_DEBUG_INFO = INCLUDE_SOURCE;
				MTL_FAST_MATH = YES;
				ONLY_ACTIVE_ARCH = YES;
				SDKROOT = iphoneos;
				SWIFT_ACTIVE_COMPILATION_CONDITIONS = DEBUG;
				SWIFT_OPTIMIZATION_LEVEL = "-Onone";
			};
			name = Debug;
		};
		0527533726F6A6D4008E9B80 /* Release */ = {
			isa = XCBuildConfiguration;
			buildSettings = {
				ALWAYS_SEARCH_USER_PATHS = NO;
				CLANG_ANALYZER_NONNULL = YES;
				CLANG_ANALYZER_NUMBER_OBJECT_CONVERSION = YES_AGGRESSIVE;
				CLANG_CXX_LANGUAGE_STANDARD = "gnu++14";
				CLANG_CXX_LIBRARY = "libc++";
				CLANG_ENABLE_MODULES = YES;
				CLANG_ENABLE_OBJC_ARC = YES;
				CLANG_ENABLE_OBJC_WEAK = YES;
				CLANG_WARN_BLOCK_CAPTURE_AUTORELEASING = YES;
				CLANG_WARN_BOOL_CONVERSION = YES;
				CLANG_WARN_COMMA = YES;
				CLANG_WARN_CONSTANT_CONVERSION = YES;
				CLANG_WARN_DEPRECATED_OBJC_IMPLEMENTATIONS = YES;
				CLANG_WARN_DIRECT_OBJC_ISA_USAGE = YES_ERROR;
				CLANG_WARN_DOCUMENTATION_COMMENTS = YES;
				CLANG_WARN_EMPTY_BODY = YES;
				CLANG_WARN_ENUM_CONVERSION = YES;
				CLANG_WARN_INFINITE_RECURSION = YES;
				CLANG_WARN_INT_CONVERSION = YES;
				CLANG_WARN_NON_LITERAL_NULL_CONVERSION = YES;
				CLANG_WARN_OBJC_IMPLICIT_RETAIN_SELF = YES;
				CLANG_WARN_OBJC_LITERAL_CONVERSION = YES;
				CLANG_WARN_OBJC_ROOT_CLASS = YES_ERROR;
				CLANG_WARN_RANGE_LOOP_ANALYSIS = YES;
				CLANG_WARN_STRICT_PROTOTYPES = YES;
				CLANG_WARN_SUSPICIOUS_MOVE = YES;
				CLANG_WARN_UNGUARDED_AVAILABILITY = YES_AGGRESSIVE;
				CLANG_WARN_UNREACHABLE_CODE = YES;
				CLANG_WARN__DUPLICATE_METHOD_MATCH = YES;
				COPY_PHASE_STRIP = NO;
				DEBUG_INFORMATION_FORMAT = "dwarf-with-dsym";
				ENABLE_NS_ASSERTIONS = NO;
				ENABLE_STRICT_OBJC_MSGSEND = YES;
				GCC_C_LANGUAGE_STANDARD = gnu11;
				GCC_NO_COMMON_BLOCKS = YES;
				GCC_WARN_64_TO_32_BIT_CONVERSION = YES;
				GCC_WARN_ABOUT_RETURN_TYPE = YES_ERROR;
				GCC_WARN_UNDECLARED_SELECTOR = YES;
				GCC_WARN_UNINITIALIZED_AUTOS = YES_AGGRESSIVE;
				GCC_WARN_UNUSED_FUNCTION = YES;
				GCC_WARN_UNUSED_VARIABLE = YES;
				IPHONEOS_DEPLOYMENT_TARGET = 13.2;
				MTL_ENABLE_DEBUG_INFO = NO;
				MTL_FAST_MATH = YES;
				SDKROOT = iphoneos;
				SWIFT_COMPILATION_MODE = wholemodule;
				SWIFT_OPTIMIZATION_LEVEL = "-O";
				VALIDATE_PRODUCT = YES;
			};
			name = Release;
		};
		0527533926F6A6D4008E9B80 /* Debug */ = {
			isa = XCBuildConfiguration;
			baseConfigurationReference = 4B8C85388342604CD25D2D1D /* Pods-Flix v1.debug.xcconfig */;
			buildSettings = {
				ASSETCATALOG_COMPILER_APPICON_NAME = AppIcon;
				CODE_SIGN_STYLE = Automatic;
				INFOPLIST_FILE = "Flix v1/Info.plist";
				LD_RUNPATH_SEARCH_PATHS = (
					"$(inherited)",
					"@executable_path/Frameworks",
				);
				PRODUCT_BUNDLE_IDENTIFIER = "KaKit.Flix-v1";
				PRODUCT_NAME = "$(TARGET_NAME)";
				SWIFT_VERSION = 5.0;
				TARGETED_DEVICE_FAMILY = "1,2";
			};
			name = Debug;
		};
		0527533A26F6A6D4008E9B80 /* Release */ = {
			isa = XCBuildConfiguration;
			baseConfigurationReference = BCA8BC5ECABA516DEDB4B2DA /* Pods-Flix v1.release.xcconfig */;
			buildSettings = {
				ASSETCATALOG_COMPILER_APPICON_NAME = AppIcon;
				CODE_SIGN_STYLE = Automatic;
				INFOPLIST_FILE = "Flix v1/Info.plist";
				LD_RUNPATH_SEARCH_PATHS = (
					"$(inherited)",
					"@executable_path/Frameworks",
				);
				PRODUCT_BUNDLE_IDENTIFIER = "KaKit.Flix-v1";
				PRODUCT_NAME = "$(TARGET_NAME)";
				SWIFT_VERSION = 5.0;
				TARGETED_DEVICE_FAMILY = "1,2";
			};
			name = Release;
		};
		0527533C26F6A6D4008E9B80 /* Debug */ = {
			isa = XCBuildConfiguration;
			baseConfigurationReference = 7BAF611C6C950156B8A162CF /* Pods-Flix v1Tests.debug.xcconfig */;
			buildSettings = {
				ALWAYS_EMBED_SWIFT_STANDARD_LIBRARIES = YES;
				BUNDLE_LOADER = "$(TEST_HOST)";
				CODE_SIGN_STYLE = Automatic;
				INFOPLIST_FILE = "Flix v1Tests/Info.plist";
				IPHONEOS_DEPLOYMENT_TARGET = 13.2;
				LD_RUNPATH_SEARCH_PATHS = (
					"$(inherited)",
					"@executable_path/Frameworks",
					"@loader_path/Frameworks",
				);
				PRODUCT_BUNDLE_IDENTIFIER = "KaKit.Flix-v1Tests";
				PRODUCT_NAME = "$(TARGET_NAME)";
				SWIFT_VERSION = 5.0;
				TARGETED_DEVICE_FAMILY = "1,2";
				TEST_HOST = "$(BUILT_PRODUCTS_DIR)/Flix v1.app/Flix v1";
			};
			name = Debug;
		};
		0527533D26F6A6D4008E9B80 /* Release */ = {
			isa = XCBuildConfiguration;
			baseConfigurationReference = 52DFC62EF1E328123B45A7E0 /* Pods-Flix v1Tests.release.xcconfig */;
			buildSettings = {
				ALWAYS_EMBED_SWIFT_STANDARD_LIBRARIES = YES;
				BUNDLE_LOADER = "$(TEST_HOST)";
				CODE_SIGN_STYLE = Automatic;
				INFOPLIST_FILE = "Flix v1Tests/Info.plist";
				IPHONEOS_DEPLOYMENT_TARGET = 13.2;
				LD_RUNPATH_SEARCH_PATHS = (
					"$(inherited)",
					"@executable_path/Frameworks",
					"@loader_path/Frameworks",
				);
				PRODUCT_BUNDLE_IDENTIFIER = "KaKit.Flix-v1Tests";
				PRODUCT_NAME = "$(TARGET_NAME)";
				SWIFT_VERSION = 5.0;
				TARGETED_DEVICE_FAMILY = "1,2";
				TEST_HOST = "$(BUILT_PRODUCTS_DIR)/Flix v1.app/Flix v1";
			};
			name = Release;
		};
		0527533F26F6A6D4008E9B80 /* Debug */ = {
			isa = XCBuildConfiguration;
			baseConfigurationReference = 0F22583B0CF255AE92EF125B /* Pods-Flix v1-Flix v1UITests.debug.xcconfig */;
			buildSettings = {
				ALWAYS_EMBED_SWIFT_STANDARD_LIBRARIES = YES;
				CODE_SIGN_STYLE = Automatic;
				INFOPLIST_FILE = "Flix v1UITests/Info.plist";
				LD_RUNPATH_SEARCH_PATHS = (
					"$(inherited)",
					"@executable_path/Frameworks",
					"@loader_path/Frameworks",
				);
				PRODUCT_BUNDLE_IDENTIFIER = "KaKit.Flix-v1UITests";
				PRODUCT_NAME = "$(TARGET_NAME)";
				SWIFT_VERSION = 5.0;
				TARGETED_DEVICE_FAMILY = "1,2";
				TEST_TARGET_NAME = "Flix v1";
			};
			name = Debug;
		};
		0527534026F6A6D4008E9B80 /* Release */ = {
			isa = XCBuildConfiguration;
			baseConfigurationReference = 309FE3AE72EDC7639B118DEA /* Pods-Flix v1-Flix v1UITests.release.xcconfig */;
			buildSettings = {
				ALWAYS_EMBED_SWIFT_STANDARD_LIBRARIES = YES;
				CODE_SIGN_STYLE = Automatic;
				INFOPLIST_FILE = "Flix v1UITests/Info.plist";
				LD_RUNPATH_SEARCH_PATHS = (
					"$(inherited)",
					"@executable_path/Frameworks",
					"@loader_path/Frameworks",
				);
				PRODUCT_BUNDLE_IDENTIFIER = "KaKit.Flix-v1UITests";
				PRODUCT_NAME = "$(TARGET_NAME)";
				SWIFT_VERSION = 5.0;
				TARGETED_DEVICE_FAMILY = "1,2";
				TEST_TARGET_NAME = "Flix v1";
			};
			name = Release;
		};
/* End XCBuildConfiguration section */

/* Begin XCConfigurationList section */
		0527530926F6A6D3008E9B80 /* Build configuration list for PBXProject "Flix v1" */ = {
			isa = XCConfigurationList;
			buildConfigurations = (
				0527533626F6A6D4008E9B80 /* Debug */,
				0527533726F6A6D4008E9B80 /* Release */,
			);
			defaultConfigurationIsVisible = 0;
			defaultConfigurationName = Release;
		};
		0527533826F6A6D4008E9B80 /* Build configuration list for PBXNativeTarget "Flix v1" */ = {
			isa = XCConfigurationList;
			buildConfigurations = (
				0527533926F6A6D4008E9B80 /* Debug */,
				0527533A26F6A6D4008E9B80 /* Release */,
			);
			defaultConfigurationIsVisible = 0;
			defaultConfigurationName = Release;
		};
		0527533B26F6A6D4008E9B80 /* Build configuration list for PBXNativeTarget "Flix v1Tests" */ = {
			isa = XCConfigurationList;
			buildConfigurations = (
				0527533C26F6A6D4008E9B80 /* Debug */,
				0527533D26F6A6D4008E9B80 /* Release */,
			);
			defaultConfigurationIsVisible = 0;
			defaultConfigurationName = Release;
		};
		0527533E26F6A6D4008E9B80 /* Build configuration list for PBXNativeTarget "Flix v1UITests" */ = {
			isa = XCConfigurationList;
			buildConfigurations = (
				0527533F26F6A6D4008E9B80 /* Debug */,
				0527534026F6A6D4008E9B80 /* Release */,
			);
			defaultConfigurationIsVisible = 0;
			defaultConfigurationName = Release;
		};
/* End XCConfigurationList section */

/* Begin XCRemoteSwiftPackageReference section */
		0527534526F6B6F9008E9B80 /* XCRemoteSwiftPackageReference "AlamofireImage" */ = {
			isa = XCRemoteSwiftPackageReference;
			repositoryURL = "https://github.com/Alamofire/AlamofireImage";
			requirement = {
				kind = upToNextMajorVersion;
				minimumVersion = 4.2.0;
			};
		};
/* End XCRemoteSwiftPackageReference section */

/* Begin XCSwiftPackageProductDependency section */
		0527534626F6B6F9008E9B80 /* AlamofireImage */ = {
			isa = XCSwiftPackageProductDependency;
			package = 0527534526F6B6F9008E9B80 /* XCRemoteSwiftPackageReference "AlamofireImage" */;
			productName = AlamofireImage;
		};
/* End XCSwiftPackageProductDependency section */
	};
	rootObject = 0527530626F6A6D3008E9B80 /* Project object */;
}
